
Microsoft Visual Studio Solution File, Format Version 12.00
# Visual Studio Version 17
VisualStudioVersion = 17.6.33829.357
MinimumVisualStudioVersion = 10.0.40219.1
Project("{9A19103F-16F7-4668-BE54-9A1E7A4F7556}") = "ExtentReportsDemo", "ExtentReportsDemo.csproj", "{2464B034-F6D2-4C94-9945-30D6FAD5445A}"
EndProject
Project("{2150E333-8FDC-42A3-9474-1A3956D46DE8}") = "Solution Items", "Solution Items", "{C065D6BC-59BC-48D9-997A-31715769533F}"
	ProjectSection(SolutionItems) = preProject
		.editorconfig = .editorconfig
	EndProjectSection
EndProject
Global
	GlobalSection(SolutionConfigurationPlatforms) = preSolution
		Debug|Any CPU = Debug|Any CPU
		Release|Any CPU = Release|Any CPU
	EndGlobalSection
	GlobalSection(ProjectConfigurationPlatforms) = postSolution
		{2464B034-F6D2-4C94-9945-30D6FAD5445A}.Debug|Any CPU.ActiveCfg = Debug|Any CPU
		{2464B034-F6D2-4C94-9945-30D6FAD5445A}.Debug|Any CPU.Build.0 = Debug|Any CPU
		{2464B034-F6D2-4C94-9945-30D6FAD5445A}.Release|Any CPU.ActiveCfg = Release|Any CPU
		{2464B034-F6D2-4C94-9945-30D6FAD5445A}.Release|Any CPU.Build.0 = Release|Any CPU
	EndGlobalSection
	GlobalSection(SolutionProperties) = preSolution
		HideSolutionNode = FALSE
	EndGlobalSection
	GlobalSection(ExtensibilityGlobals) = postSolution
		SolutionGuid = {541B16FE-AC8D-4A1F-8406-FCAAA59BE650}
	EndGlobalSection
EndGlobal
